
Microsoft Visual Studio Solution File, Format Version 12.00
# Visual Studio Version 17
VisualStudioVersion = 17.8.34322.80
MinimumVisualStudioVersion = 10.0.40219.1
Project("{FAE04EC0-301F-11D3-BF4B-00C04F79EFBC}") = "RabbitMQDemoReceivingApp", "RabbitMQDemoReceivingApp\RabbitMQDemoReceivingApp.csproj", "{F6C410A0-A0C7-45C2-BF2E-9451E1A1B4DE}"
EndProject
Global
	GlobalSection(SolutionConfigurationPlatforms) = preSolution
		Debug|Any CPU = Debug|Any CPU
		Release|Any CPU = Release|Any CPU
	EndGlobalSection
	GlobalSection(ProjectConfigurationPlatforms) = postSolution
		{F6C410A0-A0C7-45C2-BF2E-9451E1A1B4DE}.Debug|Any CPU.ActiveCfg = Debug|Any CPU
		{F6C410A0-A0C7-45C2-BF2E-9451E1A1B4DE}.Debug|Any CPU.Build.0 = Debug|Any CPU
		{F6C410A0-A0C7-45C2-BF2E-9451E1A1B4DE}.Release|Any CPU.ActiveCfg = Release|Any CPU
		{F6C410A0-A0C7-45C2-BF2E-9451E1A1B4DE}.Release|Any CPU.Build.0 = Release|Any CPU
	EndGlobalSection
	GlobalSection(SolutionProperties) = preSolution
		HideSolutionNode = FALSE
	EndGlobalSection
	GlobalSection(ExtensibilityGlobals) = postSolution
		SolutionGuid = {46D2F310-165B-4E77-8254-6BDD05F43F50}
	EndGlobalSection
EndGlobal
